using System;

interface IUrun
{
    void UrunBilgisi();
}

class Urun : IUrun
{
    private string ad;
    private double fiyat;

    public Urun(string ad, double fiyat)
    {
        this.ad = ad;
        this.fiyat = fiyat;
    }

    public Urun(string ad) : this(ad, 0)
    {
    }

    public string Ad
    {
        get { return ad; }
        set { ad = value; }
    }

    public double Fiyat
    {
        get { return fiyat; }
        set { fiyat = value; }
    }

    public void UrunBilgisi()
    {
        Console.WriteLine("Ürün adı: " + ad);
        Console.WriteLine("Fiyatı: " + fiyat + " TL");
    }

    public void IndirimYap(double indirimOrani)
    {
        fiyat -= fiyat * indirimOrani;
        Console.WriteLine(ad + " ürününe %" + (indirimOrani * 100) + " indirim uygulandı.");
    }
}

class Kolye : Urun
{
    private string malzeme;

    public Kolye(string ad, double fiyat, string malzeme) : base(ad, fiyat)
    {
        this.malzeme = malzeme;
    }

    public Kolye(string ad, string malzeme) : this(ad, 0, malzeme)
    {
    }

    public new void UrunBilgisi()
    {
        Console.WriteLine("Kolye adı: " + Ad);
        Console.WriteLine("Fiyatı: " + Fiyat + " TL");
        Console.WriteLine("Malzeme: " + malzeme);
    }
}

class Bilezik : Urun
{
    private string desen;

    public Bilezik(string ad, double fiyat, string desen) : base(ad, fiyat)
    {
        this.desen = desen;
    }

    public Bilezik(string ad, string desen) : this(ad, 0, desen)
    {
    }

    public new void UrunBilgisi()
    {
        Console.WriteLine("Bilezik adı: " + Ad);
        Console.WriteLine("Fiyatı: " + Fiyat + " TL");
        Console.WriteLine("Desen: " + desen);
    }
}

class Program
{
    static void Main(string[] args)
    {
        Urun urun1 = new Urun("Ürün 1", 100);
        urun1.UrunBilgisi();

        Console.WriteLine();

        Kolye kolye = new Kolye("Altın Kolye", 200, "Altın");
        kolye.UrunBilgisi();

        Console.WriteLine();

        Bilezik bilezik = new Bilezik("Gümüş Bilezik", 150, "Çiçek Desenli");
        bilezik.UrunBilgisi();
    }
}

