
Microsoft Visual Studio Solution File, Format Version 12.00
# Visual Studio Version 17
VisualStudioVersion = 17.3.32929.385
MinimumVisualStudioVersion = 10.0.40219.1
Project("{FAE04EC0-301F-11D3-BF4B-00C04F79EFBC}") = "taki", "taki\taki.csproj", "{6C2B6781-C4A4-4594-994C-EFE3721D905D}"
EndProject
Global
	GlobalSection(SolutionConfigurationPlatforms) = preSolution
		Debug|Any CPU = Debug|Any CPU
		Release|Any CPU = Release|Any CPU
	EndGlobalSection
	GlobalSection(ProjectConfigurationPlatforms) = postSolution
		{6C2B6781-C4A4-4594-994C-EFE3721D905D}.Debug|Any CPU.ActiveCfg = Debug|Any CPU
		{6C2B6781-C4A4-4594-994C-EFE3721D905D}.Debug|Any CPU.Build.0 = Debug|Any CPU
		{6C2B6781-C4A4-4594-994C-EFE3721D905D}.Release|Any CPU.ActiveCfg = Release|Any CPU
		{6C2B6781-C4A4-4594-994C-EFE3721D905D}.Release|Any CPU.Build.0 = Release|Any CPU
	EndGlobalSection
	GlobalSection(SolutionProperties) = preSolution
		HideSolutionNode = FALSE
	EndGlobalSection
	GlobalSection(ExtensibilityGlobals) = postSolution
		SolutionGuid = {E9A85526-F466-4F2E-8239-CEE8DC9EEF95}
	EndGlobalSection
EndGlobal
